{
  "pins" : [
    {
      "identity" : "cllocationwrapper",
      "kind" : "remoteSourceControl",
      "location" : "https://github.com/yonivav/CLLocationWrapper.git",
      "state" : {
        "revision" : "886f79ed09c1337baaea7d05220261292f1874ca",
        "version" : "1.0.0"
      }
    },
    {
      "identity" : "sunkit",
      "kind" : "remoteSourceControl",
      "location" : "https://github.com/Sunlitt/SunKit",
      "state" : {
        "revision" : "2d2857c158e368a35d37f0643d2a83925a6d31e9",
        "version" : "2.6.5"
      }
    }
  ],
  "version" : 2
}
