// !$*UTF8*$!
{
	archiveVersion = 1;
	classes = {
	};
	objectVersion = 56;
	objects = {

/* Begin PBXBuildFile section */
		9126FE232A30BEA600818999 /* Avatar.swift in Sources */ = {isa = PBXBuildFile; fileRef = 9126FE222A30BEA600818999 /* Avatar.swift */; };
		913301F12A39B1B700AB1C23 /* ArrivedBackView.swift in Sources */ = {isa = PBXBuildFile; fileRef = 913301F02A39B1B700AB1C23 /* ArrivedBackView.swift */; };
		9158056F2A1CAE97007E579F /* Path.swift in Sources */ = {isa = PBXBuildFile; fileRef = 9158056E2A1CAE97007E579F /* Path.swift */; };
		915805732A1CB785007E579F /* MapBackground.swift in Sources */ = {isa = PBXBuildFile; fileRef = 915805722A1CB785007E579F /* MapBackground.swift */; };
		916EEDFD2A3216E000FA7298 /* SwitchModeButton.swift in Sources */ = {isa = PBXBuildFile; fileRef = 916EEDFC2A3216E000FA7298 /* SwitchModeButton.swift */; };
		916EEDFF2A33559800FA7298 /* ActivityContainerView.swift in Sources */ = {isa = PBXBuildFile; fileRef = 916EEDFE2A33559800FA7298 /* ActivityContainerView.swift */; };
		917A8C532A20E6F400A32868 /* StartView.swift in Sources */ = {isa = PBXBuildFile; fileRef = 917A8C522A20E6F400A32868 /* StartView.swift */; };
		917A8C552A20F34700A32868 /* SemisphereButton.swift in Sources */ = {isa = PBXBuildFile; fileRef = 917A8C542A20F34700A32868 /* SemisphereButton.swift */; };
		918DD10B2A17D3F500E44590 /* MacroChallengeCodeApp.swift in Sources */ = {isa = PBXBuildFile; fileRef = 918DD10A2A17D3F500E44590 /* MacroChallengeCodeApp.swift */; };
		918DD10D2A17D3F500E44590 /* ContentView.swift in Sources */ = {isa = PBXBuildFile; fileRef = 918DD10C2A17D3F500E44590 /* ContentView.swift */; };
		918DD10F2A17D3F600E44590 /* Assets.xcassets in Resources */ = {isa = PBXBuildFile; fileRef = 918DD10E2A17D3F600E44590 /* Assets.xcassets */; };
		918DD1122A17D3F600E44590 /* Preview Assets.xcassets in Resources */ = {isa = PBXBuildFile; fileRef = 918DD1112A17D3F600E44590 /* Preview Assets.xcassets */; };
		918DD11C2A17D3F600E44590 /* MacroChallengeCodeTests.swift in Sources */ = {isa = PBXBuildFile; fileRef = 918DD11B2A17D3F600E44590 /* MacroChallengeCodeTests.swift */; };
		918DD1262A17D3F600E44590 /* MacroChallengeCodeUITests.swift in Sources */ = {isa = PBXBuildFile; fileRef = 918DD1252A17D3F600E44590 /* MacroChallengeCodeUITests.swift */; };
		918DD1282A17D3F600E44590 /* MacroChallengeCodeUITestsLaunchTests.swift in Sources */ = {isa = PBXBuildFile; fileRef = 918DD1272A17D3F600E44590 /* MacroChallengeCodeUITestsLaunchTests.swift */; };
		91AB9F012A1B974A0068F553 /* LocationManagerDelegate.swift in Sources */ = {isa = PBXBuildFile; fileRef = 91AB9F002A1B974A0068F553 /* LocationManagerDelegate.swift */; };
		91BE43772A1F8771004C3F89 /* MapView.swift in Sources */ = {isa = PBXBuildFile; fileRef = 91BE43762A1F8771004C3F89 /* MapView.swift */; };
		91C1D4172A3A0AC300712790 /* FocusViewOnBoarding.swift in Sources */ = {isa = PBXBuildFile; fileRef = 91C1D4162A3A0AC300712790 /* FocusViewOnBoarding.swift */; };
		91C447C92A28F40500319349 /* CLLocationWrapper in Frameworks */ = {isa = PBXBuildFile; productRef = 91C447C82A28F40500319349 /* CLLocationWrapper */; };
		91C447CB2A28F46A00319349 /* JsonManager.swift in Sources */ = {isa = PBXBuildFile; fileRef = 91C447CA2A28F46A00319349 /* JsonManager.swift */; };
		9A601E302A33502500795F77 /* NotificationManagerDelegate.swift in Sources */ = {isa = PBXBuildFile; fileRef = 9A601E2F2A33502500795F77 /* NotificationManagerDelegate.swift */; };
		9A601E322A336EE400795F77 /* LiveActivityManager.swift in Sources */ = {isa = PBXBuildFile; fileRef = 9A601E312A336EE400795F77 /* LiveActivityManager.swift */; };
		9AECAA702A279C6B007926B8 /* WidgetKit.framework in Frameworks */ = {isa = PBXBuildFile; fileRef = 9AECAA6F2A279C6B007926B8 /* WidgetKit.framework */; };
		9AECAA722A279C6B007926B8 /* SwiftUI.framework in Frameworks */ = {isa = PBXBuildFile; fileRef = 9AECAA712A279C6B007926B8 /* SwiftUI.framework */; };
		9AECAA752A279C6B007926B8 /* SunsetWidgetBundle.swift in Sources */ = {isa = PBXBuildFile; fileRef = 9AECAA742A279C6B007926B8 /* SunsetWidgetBundle.swift */; };
		9AECAA772A279C6B007926B8 /* SunsetWidgetLiveActivity.swift in Sources */ = {isa = PBXBuildFile; fileRef = 9AECAA762A279C6B007926B8 /* SunsetWidgetLiveActivity.swift */; };
		9AECAA792A279C6B007926B8 /* SunsetWidget.swift in Sources */ = {isa = PBXBuildFile; fileRef = 9AECAA782A279C6B007926B8 /* SunsetWidget.swift */; };
		9AECAA7B2A279C6C007926B8 /* Assets.xcassets in Resources */ = {isa = PBXBuildFile; fileRef = 9AECAA7A2A279C6C007926B8 /* Assets.xcassets */; };
		9AECAA7F2A279C6C007926B8 /* SunsetWidgetExtension.appex in Embed Foundation Extensions */ = {isa = PBXBuildFile; fileRef = 9AECAA6D2A279C6B007926B8 /* SunsetWidgetExtension.appex */; settings = {ATTRIBUTES = (RemoveHeadersOnCopy, ); }; };
		9AECAA842A279CB2007926B8 /* SunsetWidgetLiveActivity.swift in Sources */ = {isa = PBXBuildFile; fileRef = 9AECAA762A279C6B007926B8 /* SunsetWidgetLiveActivity.swift */; };
		9AECAA872A27A13D007926B8 /* SunKit in Frameworks */ = {isa = PBXBuildFile; productRef = 9AECAA862A27A13D007926B8 /* SunKit */; };
		9AFCDAD42A3B3AFB00877886 /* AppDelegate.swift in Sources */ = {isa = PBXBuildFile; fileRef = 9AFCDAD32A3B3AFB00877886 /* AppDelegate.swift */; };
		9F8ED0E92A2F58EB00C223ED /* CircularSliderView.swift in Sources */ = {isa = PBXBuildFile; fileRef = 9F8ED0E82A2F58EB00C223ED /* CircularSliderView.swift */; };
		9F8ED0EB2A2F81A500C223ED /* ShowPathView.swift in Sources */ = {isa = PBXBuildFile; fileRef = 9F8ED0EA2A2F81A500C223ED /* ShowPathView.swift */; };
		9FF2257C2A1CF09300159166 /* IndicatorView.swift in Sources */ = {isa = PBXBuildFile; fileRef = 9FF2257B2A1CF09300159166 /* IndicatorView.swift */; };
		9FF225802A1D079800159166 /* CompassHeading.swift in Sources */ = {isa = PBXBuildFile; fileRef = 9FF2257F2A1D079800159166 /* CompassHeading.swift */; };
		9FF225822A1D07BD00159166 /* CompassView.swift in Sources */ = {isa = PBXBuildFile; fileRef = 9FF225812A1D07BD00159166 /* CompassView.swift */; };
		9FF225842A1E4E2600159166 /* PinsMapView.swift in Sources */ = {isa = PBXBuildFile; fileRef = 9FF225832A1E4E2600159166 /* PinsMapView.swift */; };
		9FF2258A2A20B70E00159166 /* PinAnnotationView.swift in Sources */ = {isa = PBXBuildFile; fileRef = 9FF225892A20B70E00159166 /* PinAnnotationView.swift */; };
		9FF2258E2A20EA7700159166 /* TrackBackView.swift in Sources */ = {isa = PBXBuildFile; fileRef = 9FF2258D2A20EA7700159166 /* TrackBackView.swift */; };
		9FF225902A22169900159166 /* ProgressBarView.swift in Sources */ = {isa = PBXBuildFile; fileRef = 9FF2258F2A22169900159166 /* ProgressBarView.swift */; };
		9FF225922A22189600159166 /* BoxHourView.swift in Sources */ = {isa = PBXBuildFile; fileRef = 9FF225912A22189600159166 /* BoxHourView.swift */; };
		9FF225942A22285400159166 /* BoxNavigationButton.swift in Sources */ = {isa = PBXBuildFile; fileRef = 9FF225932A22285400159166 /* BoxNavigationButton.swift */; };
		9FF225962A222EB800159166 /* BoxDataView.swift in Sources */ = {isa = PBXBuildFile; fileRef = 9FF225952A222EB800159166 /* BoxDataView.swift */; };
		9FF225992A2269E900159166 /* BoxSliderView.swift in Sources */ = {isa = PBXBuildFile; fileRef = 9FF225982A2269E900159166 /* BoxSliderView.swift */; };
		9FF2259B2A26372D00159166 /* HapticManager.swift in Sources */ = {isa = PBXBuildFile; fileRef = 9FF2259A2A26372D00159166 /* HapticManager.swift */; };
		9FF2259F2A26514400159166 /* BezelView.swift in Sources */ = {isa = PBXBuildFile; fileRef = 9FF2259E2A26514400159166 /* BezelView.swift */; };
		9FF225A62A26A13500159166 /* DayFase.swift in Sources */ = {isa = PBXBuildFile; fileRef = 9FF225A52A26A13500159166 /* DayFase.swift */; };
		9FF225A82A26AC9100159166 /* RollingView.swift in Sources */ = {isa = PBXBuildFile; fileRef = 9FF225A72A26AC9100159166 /* RollingView.swift */; };
		9FF225CD2A29302200159166 /* RecapPathView.swift in Sources */ = {isa = PBXBuildFile; fileRef = 9FF225CC2A29302200159166 /* RecapPathView.swift */; };
		9FF225CF2A293B5500159166 /* ListPathsView.swift in Sources */ = {isa = PBXBuildFile; fileRef = 9FF225CE2A293B5500159166 /* ListPathsView.swift */; };
/* End PBXBuildFile section */

/* Begin PBXContainerItemProxy section */
		918DD1182A17D3F600E44590 /* PBXContainerItemProxy */ = {
			isa = PBXContainerItemProxy;
			containerPortal = 918DD0FF2A17D3F500E44590 /* Project object */;
			proxyType = 1;
			remoteGlobalIDString = 918DD1062A17D3F500E44590;
			remoteInfo = MacroChallengeCode;
		};
		918DD1222A17D3F600E44590 /* PBXContainerItemProxy */ = {
			isa = PBXContainerItemProxy;
			containerPortal = 918DD0FF2A17D3F500E44590 /* Project object */;
			proxyType = 1;
			remoteGlobalIDString = 918DD1062A17D3F500E44590;
			remoteInfo = MacroChallengeCode;
		};
		9AECAA7D2A279C6C007926B8 /* PBXContainerItemProxy */ = {
			isa = PBXContainerItemProxy;
			containerPortal = 918DD0FF2A17D3F500E44590 /* Project object */;
			proxyType = 1;
			remoteGlobalIDString = 9AECAA6C2A279C6B007926B8;
			remoteInfo = SunsetWidgetExtension;
		};
/* End PBXContainerItemProxy section */

/* Begin PBXCopyFilesBuildPhase section */
		9AECAA802A279C6C007926B8 /* Embed Foundation Extensions */ = {
			isa = PBXCopyFilesBuildPhase;
			buildActionMask = 2147483647;
			dstPath = "";
			dstSubfolderSpec = 13;
			files = (
				9AECAA7F2A279C6C007926B8 /* SunsetWidgetExtension.appex in Embed Foundation Extensions */,
			);
			name = "Embed Foundation Extensions";
			runOnlyForDeploymentPostprocessing = 0;
		};
/* End PBXCopyFilesBuildPhase section */

/* Begin PBXFileReference section */
		9126FE222A30BEA600818999 /* Avatar.swift */ = {isa = PBXFileReference; lastKnownFileType = sourcecode.swift; path = Avatar.swift; sourceTree = "<group>"; };
		913301F02A39B1B700AB1C23 /* ArrivedBackView.swift */ = {isa = PBXFileReference; lastKnownFileType = sourcecode.swift; path = ArrivedBackView.swift; sourceTree = "<group>"; };
		9158056E2A1CAE97007E579F /* Path.swift */ = {isa = PBXFileReference; lastKnownFileType = sourcecode.swift; path = Path.swift; sourceTree = "<group>"; };
		915805722A1CB785007E579F /* MapBackground.swift */ = {isa = PBXFileReference; lastKnownFileType = sourcecode.swift; path = MapBackground.swift; sourceTree = "<group>"; };
		916EEDFC2A3216E000FA7298 /* SwitchModeButton.swift */ = {isa = PBXFileReference; lastKnownFileType = sourcecode.swift; path = SwitchModeButton.swift; sourceTree = "<group>"; };
		916EEDFE2A33559800FA7298 /* ActivityContainerView.swift */ = {isa = PBXFileReference; lastKnownFileType = sourcecode.swift; path = ActivityContainerView.swift; sourceTree = "<group>"; };
		917A8C522A20E6F400A32868 /* StartView.swift */ = {isa = PBXFileReference; lastKnownFileType = sourcecode.swift; path = StartView.swift; sourceTree = "<group>"; };
		917A8C542A20F34700A32868 /* SemisphereButton.swift */ = {isa = PBXFileReference; lastKnownFileType = sourcecode.swift; path = SemisphereButton.swift; sourceTree = "<group>"; };
		918DD1072A17D3F500E44590 /* MacroChallengeCode.app */ = {isa = PBXFileReference; explicitFileType = wrapper.application; includeInIndex = 0; path = MacroChallengeCode.app; sourceTree = BUILT_PRODUCTS_DIR; };
		918DD10A2A17D3F500E44590 /* MacroChallengeCodeApp.swift */ = {isa = PBXFileReference; lastKnownFileType = sourcecode.swift; path = MacroChallengeCodeApp.swift; sourceTree = "<group>"; };
		918DD10C2A17D3F500E44590 /* ContentView.swift */ = {isa = PBXFileReference; lastKnownFileType = sourcecode.swift; path = ContentView.swift; sourceTree = "<group>"; };
		918DD10E2A17D3F600E44590 /* Assets.xcassets */ = {isa = PBXFileReference; lastKnownFileType = folder.assetcatalog; path = Assets.xcassets; sourceTree = "<group>"; };
		918DD1112A17D3F600E44590 /* Preview Assets.xcassets */ = {isa = PBXFileReference; lastKnownFileType = folder.assetcatalog; path = "Preview Assets.xcassets"; sourceTree = "<group>"; };
		918DD1172A17D3F600E44590 /* MacroChallengeCodeTests.xctest */ = {isa = PBXFileReference; explicitFileType = wrapper.cfbundle; includeInIndex = 0; path = MacroChallengeCodeTests.xctest; sourceTree = BUILT_PRODUCTS_DIR; };
		918DD11B2A17D3F600E44590 /* MacroChallengeCodeTests.swift */ = {isa = PBXFileReference; lastKnownFileType = sourcecode.swift; path = MacroChallengeCodeTests.swift; sourceTree = "<group>"; };
		918DD1212A17D3F600E44590 /* MacroChallengeCodeUITests.xctest */ = {isa = PBXFileReference; explicitFileType = wrapper.cfbundle; includeInIndex = 0; path = MacroChallengeCodeUITests.xctest; sourceTree = BUILT_PRODUCTS_DIR; };
		918DD1252A17D3F600E44590 /* MacroChallengeCodeUITests.swift */ = {isa = PBXFileReference; lastKnownFileType = sourcecode.swift; path = MacroChallengeCodeUITests.swift; sourceTree = "<group>"; };
		918DD1272A17D3F600E44590 /* MacroChallengeCodeUITestsLaunchTests.swift */ = {isa = PBXFileReference; lastKnownFileType = sourcecode.swift; path = MacroChallengeCodeUITestsLaunchTests.swift; sourceTree = "<group>"; };
		91AB9F002A1B974A0068F553 /* LocationManagerDelegate.swift */ = {isa = PBXFileReference; lastKnownFileType = sourcecode.swift; path = LocationManagerDelegate.swift; sourceTree = "<group>"; };
		91AB9F022A1B9A8A0068F553 /* Info.plist */ = {isa = PBXFileReference; lastKnownFileType = text.plist; path = Info.plist; sourceTree = "<group>"; };
		91BE43762A1F8771004C3F89 /* MapView.swift */ = {isa = PBXFileReference; lastKnownFileType = sourcecode.swift; path = MapView.swift; sourceTree = "<group>"; };
		91C1D4162A3A0AC300712790 /* FocusViewOnBoarding.swift */ = {isa = PBXFileReference; lastKnownFileType = sourcecode.swift; path = FocusViewOnBoarding.swift; sourceTree = "<group>"; };
		91C447CA2A28F46A00319349 /* JsonManager.swift */ = {isa = PBXFileReference; lastKnownFileType = sourcecode.swift; path = JsonManager.swift; sourceTree = "<group>"; };
		9A601E2F2A33502500795F77 /* NotificationManagerDelegate.swift */ = {isa = PBXFileReference; lastKnownFileType = sourcecode.swift; path = NotificationManagerDelegate.swift; sourceTree = "<group>"; };
		9A601E312A336EE400795F77 /* LiveActivityManager.swift */ = {isa = PBXFileReference; lastKnownFileType = sourcecode.swift; path = LiveActivityManager.swift; sourceTree = "<group>"; };
		9A601E332A33771800795F77 /* MacroChallengeCode.entitlements */ = {isa = PBXFileReference; lastKnownFileType = text.plist.entitlements; path = MacroChallengeCode.entitlements; sourceTree = "<group>"; };
		9AECAA6D2A279C6B007926B8 /* SunsetWidgetExtension.appex */ = {isa = PBXFileReference; explicitFileType = "wrapper.app-extension"; includeInIndex = 0; path = SunsetWidgetExtension.appex; sourceTree = BUILT_PRODUCTS_DIR; };
		9AECAA6F2A279C6B007926B8 /* WidgetKit.framework */ = {isa = PBXFileReference; lastKnownFileType = wrapper.framework; name = WidgetKit.framework; path = System/Library/Frameworks/WidgetKit.framework; sourceTree = SDKROOT; };
		9AECAA712A279C6B007926B8 /* SwiftUI.framework */ = {isa = PBXFileReference; lastKnownFileType = wrapper.framework; name = SwiftUI.framework; path = System/Library/Frameworks/SwiftUI.framework; sourceTree = SDKROOT; };
		9AECAA742A279C6B007926B8 /* SunsetWidgetBundle.swift */ = {isa = PBXFileReference; lastKnownFileType = sourcecode.swift; path = SunsetWidgetBundle.swift; sourceTree = "<group>"; };
		9AECAA762A279C6B007926B8 /* SunsetWidgetLiveActivity.swift */ = {isa = PBXFileReference; lastKnownFileType = sourcecode.swift; path = SunsetWidgetLiveActivity.swift; sourceTree = "<group>"; };
		9AECAA782A279C6B007926B8 /* SunsetWidget.swift */ = {isa = PBXFileReference; lastKnownFileType = sourcecode.swift; path = SunsetWidget.swift; sourceTree = "<group>"; };
		9AECAA7A2A279C6C007926B8 /* Assets.xcassets */ = {isa = PBXFileReference; lastKnownFileType = folder.assetcatalog; path = Assets.xcassets; sourceTree = "<group>"; };
		9AECAA7C2A279C6C007926B8 /* Info.plist */ = {isa = PBXFileReference; lastKnownFileType = text.plist.xml; path = Info.plist; sourceTree = "<group>"; };
		9AFCDAD32A3B3AFB00877886 /* AppDelegate.swift */ = {isa = PBXFileReference; lastKnownFileType = sourcecode.swift; path = AppDelegate.swift; sourceTree = "<group>"; };
		9F8ED0E82A2F58EB00C223ED /* CircularSliderView.swift */ = {isa = PBXFileReference; lastKnownFileType = sourcecode.swift; path = CircularSliderView.swift; sourceTree = "<group>"; };
		9F8ED0EA2A2F81A500C223ED /* ShowPathView.swift */ = {isa = PBXFileReference; lastKnownFileType = sourcecode.swift; path = ShowPathView.swift; sourceTree = "<group>"; };
		9FF2257B2A1CF09300159166 /* IndicatorView.swift */ = {isa = PBXFileReference; lastKnownFileType = sourcecode.swift; path = IndicatorView.swift; sourceTree = "<group>"; };
		9FF2257F2A1D079800159166 /* CompassHeading.swift */ = {isa = PBXFileReference; lastKnownFileType = sourcecode.swift; path = CompassHeading.swift; sourceTree = "<group>"; };
		9FF225812A1D07BD00159166 /* CompassView.swift */ = {isa = PBXFileReference; lastKnownFileType = sourcecode.swift; path = CompassView.swift; sourceTree = "<group>"; };
		9FF225832A1E4E2600159166 /* PinsMapView.swift */ = {isa = PBXFileReference; lastKnownFileType = sourcecode.swift; path = PinsMapView.swift; sourceTree = "<group>"; };
		9FF225892A20B70E00159166 /* PinAnnotationView.swift */ = {isa = PBXFileReference; lastKnownFileType = sourcecode.swift; path = PinAnnotationView.swift; sourceTree = "<group>"; };
		9FF2258D2A20EA7700159166 /* TrackBackView.swift */ = {isa = PBXFileReference; lastKnownFileType = sourcecode.swift; path = TrackBackView.swift; sourceTree = "<group>"; };
		9FF2258F2A22169900159166 /* ProgressBarView.swift */ = {isa = PBXFileReference; lastKnownFileType = sourcecode.swift; path = ProgressBarView.swift; sourceTree = "<group>"; };
		9FF225912A22189600159166 /* BoxHourView.swift */ = {isa = PBXFileReference; lastKnownFileType = sourcecode.swift; path = BoxHourView.swift; sourceTree = "<group>"; };
		9FF225932A22285400159166 /* BoxNavigationButton.swift */ = {isa = PBXFileReference; lastKnownFileType = sourcecode.swift; path = BoxNavigationButton.swift; sourceTree = "<group>"; };
		9FF225952A222EB800159166 /* BoxDataView.swift */ = {isa = PBXFileReference; lastKnownFileType = sourcecode.swift; path = BoxDataView.swift; sourceTree = "<group>"; };
		9FF225982A2269E900159166 /* BoxSliderView.swift */ = {isa = PBXFileReference; lastKnownFileType = sourcecode.swift; path = BoxSliderView.swift; sourceTree = "<group>"; };
		9FF2259A2A26372D00159166 /* HapticManager.swift */ = {isa = PBXFileReference; lastKnownFileType = sourcecode.swift; path = HapticManager.swift; sourceTree = "<group>"; };
		9FF2259E2A26514400159166 /* BezelView.swift */ = {isa = PBXFileReference; lastKnownFileType = sourcecode.swift; path = BezelView.swift; sourceTree = "<group>"; };
		9FF225A52A26A13500159166 /* DayFase.swift */ = {isa = PBXFileReference; lastKnownFileType = sourcecode.swift; path = DayFase.swift; sourceTree = "<group>"; };
		9FF225A72A26AC9100159166 /* RollingView.swift */ = {isa = PBXFileReference; lastKnownFileType = sourcecode.swift; path = RollingView.swift; sourceTree = "<group>"; };
		9FF225CC2A29302200159166 /* RecapPathView.swift */ = {isa = PBXFileReference; lastKnownFileType = sourcecode.swift; path = RecapPathView.swift; sourceTree = "<group>"; };
		9FF225CE2A293B5500159166 /* ListPathsView.swift */ = {isa = PBXFileReference; lastKnownFileType = sourcecode.swift; path = ListPathsView.swift; sourceTree = "<group>"; };
/* End PBXFileReference section */

/* Begin PBXFrameworksBuildPhase section */
		918DD1042A17D3F500E44590 /* Frameworks */ = {
			isa = PBXFrameworksBuildPhase;
			buildActionMask = 2147483647;
			files = (
				91C447C92A28F40500319349 /* CLLocationWrapper in Frameworks */,
				9AECAA872A27A13D007926B8 /* SunKit in Frameworks */,
			);
			runOnlyForDeploymentPostprocessing = 0;
		};
		918DD1142A17D3F600E44590 /* Frameworks */ = {
			isa = PBXFrameworksBuildPhase;
			buildActionMask = 2147483647;
			files = (
			);
			runOnlyForDeploymentPostprocessing = 0;
		};
		918DD11E2A17D3F600E44590 /* Frameworks */ = {
			isa = PBXFrameworksBuildPhase;
			buildActionMask = 2147483647;
			files = (
			);
			runOnlyForDeploymentPostprocessing = 0;
		};
		9AECAA6A2A279C6B007926B8 /* Frameworks */ = {
			isa = PBXFrameworksBuildPhase;
			buildActionMask = 2147483647;
			files = (
				9AECAA722A279C6B007926B8 /* SwiftUI.framework in Frameworks */,
				9AECAA702A279C6B007926B8 /* WidgetKit.framework in Frameworks */,
			);
			runOnlyForDeploymentPostprocessing = 0;
		};
/* End PBXFrameworksBuildPhase section */

/* Begin PBXGroup section */
		9158056B2A1CAA4E007E579F /* Views */ = {
			isa = PBXGroup;
			children = (
				9FF225972A22675E00159166 /* Component */,
				915805722A1CB785007E579F /* MapBackground.swift */,
				91BE43762A1F8771004C3F89 /* MapView.swift */,
				9FF225832A1E4E2600159166 /* PinsMapView.swift */,
				9F8ED0EA2A2F81A500C223ED /* ShowPathView.swift */,
				9FF2257B2A1CF09300159166 /* IndicatorView.swift */,
				9FF225812A1D07BD00159166 /* CompassView.swift */,
				9FF2258D2A20EA7700159166 /* TrackBackView.swift */,
				9FF225892A20B70E00159166 /* PinAnnotationView.swift */,
				917A8C522A20E6F400A32868 /* StartView.swift */,
				9FF2259E2A26514400159166 /* BezelView.swift */,
				9FF225CE2A293B5500159166 /* ListPathsView.swift */,
				9FF225A72A26AC9100159166 /* RollingView.swift */,
				9FF225CC2A29302200159166 /* RecapPathView.swift */,
				913301F02A39B1B700AB1C23 /* ArrivedBackView.swift */,
				916EEDFE2A33559800FA7298 /* ActivityContainerView.swift */,
			);
			path = Views;
			sourceTree = "<group>";
		};
		9158056C2A1CAA57007E579F /* Models */ = {
			isa = PBXGroup;
			children = (
				9158056E2A1CAE97007E579F /* Path.swift */,
				9FF225A52A26A13500159166 /* DayFase.swift */,
			);
			path = Models;
			sourceTree = "<group>";
		};
		9158056D2A1CAA5E007E579F /* Utilities */ = {
			isa = PBXGroup;
			children = (
				91AB9F002A1B974A0068F553 /* LocationManagerDelegate.swift */,
				9FF2257F2A1D079800159166 /* CompassHeading.swift */,
				9FF2259A2A26372D00159166 /* HapticManager.swift */,
				91C447CA2A28F46A00319349 /* JsonManager.swift */,
				9A601E2F2A33502500795F77 /* NotificationManagerDelegate.swift */,
				9A601E312A336EE400795F77 /* LiveActivityManager.swift */,
				9AFCDAD32A3B3AFB00877886 /* AppDelegate.swift */,
			);
			path = Utilities;
			sourceTree = "<group>";
		};
		918DD0FE2A17D3F500E44590 = {
			isa = PBXGroup;
			children = (
				918DD1092A17D3F500E44590 /* MacroChallengeCode */,
				918DD11A2A17D3F600E44590 /* MacroChallengeCodeTests */,
				918DD1242A17D3F600E44590 /* MacroChallengeCodeUITests */,
				9AECAA732A279C6B007926B8 /* SunsetWidget */,
				9AECAA6E2A279C6B007926B8 /* Frameworks */,
				918DD1082A17D3F500E44590 /* Products */,
			);
			sourceTree = "<group>";
		};
		918DD1082A17D3F500E44590 /* Products */ = {
			isa = PBXGroup;
			children = (
				918DD1072A17D3F500E44590 /* MacroChallengeCode.app */,
				918DD1172A17D3F600E44590 /* MacroChallengeCodeTests.xctest */,
				918DD1212A17D3F600E44590 /* MacroChallengeCodeUITests.xctest */,
				9AECAA6D2A279C6B007926B8 /* SunsetWidgetExtension.appex */,
			);
			name = Products;
			sourceTree = "<group>";
		};
		918DD1092A17D3F500E44590 /* MacroChallengeCode */ = {
			isa = PBXGroup;
			children = (
				9A601E332A33771800795F77 /* MacroChallengeCode.entitlements */,
				9158056D2A1CAA5E007E579F /* Utilities */,
				9158056C2A1CAA57007E579F /* Models */,
				9158056B2A1CAA4E007E579F /* Views */,
				91AB9F022A1B9A8A0068F553 /* Info.plist */,
				918DD10A2A17D3F500E44590 /* MacroChallengeCodeApp.swift */,
				918DD10C2A17D3F500E44590 /* ContentView.swift */,
				918DD10E2A17D3F600E44590 /* Assets.xcassets */,
				918DD1102A17D3F600E44590 /* Preview Content */,
			);
			path = MacroChallengeCode;
			sourceTree = "<group>";
		};
		918DD1102A17D3F600E44590 /* Preview Content */ = {
			isa = PBXGroup;
			children = (
				918DD1112A17D3F600E44590 /* Preview Assets.xcassets */,
			);
			path = "Preview Content";
			sourceTree = "<group>";
		};
		918DD11A2A17D3F600E44590 /* MacroChallengeCodeTests */ = {
			isa = PBXGroup;
			children = (
				918DD11B2A17D3F600E44590 /* MacroChallengeCodeTests.swift */,
			);
			path = MacroChallengeCodeTests;
			sourceTree = "<group>";
		};
		918DD1242A17D3F600E44590 /* MacroChallengeCodeUITests */ = {
			isa = PBXGroup;
			children = (
				918DD1252A17D3F600E44590 /* MacroChallengeCodeUITests.swift */,
				918DD1272A17D3F600E44590 /* MacroChallengeCodeUITestsLaunchTests.swift */,
			);
			path = MacroChallengeCodeUITests;
			sourceTree = "<group>";
		};
		9AECAA6E2A279C6B007926B8 /* Frameworks */ = {
			isa = PBXGroup;
			children = (
				9AECAA6F2A279C6B007926B8 /* WidgetKit.framework */,
				9AECAA712A279C6B007926B8 /* SwiftUI.framework */,
			);
			name = Frameworks;
			sourceTree = "<group>";
		};
		9AECAA732A279C6B007926B8 /* SunsetWidget */ = {
			isa = PBXGroup;
			children = (
				9AECAA742A279C6B007926B8 /* SunsetWidgetBundle.swift */,
				9AECAA762A279C6B007926B8 /* SunsetWidgetLiveActivity.swift */,
				9AECAA782A279C6B007926B8 /* SunsetWidget.swift */,
				9AECAA7A2A279C6C007926B8 /* Assets.xcassets */,
				9AECAA7C2A279C6C007926B8 /* Info.plist */,
			);
			path = SunsetWidget;
			sourceTree = "<group>";
		};
		9FF225972A22675E00159166 /* Component */ = {
			isa = PBXGroup;
			children = (
				9FF225912A22189600159166 /* BoxHourView.swift */,
				9FF225932A22285400159166 /* BoxNavigationButton.swift */,
				9FF2258F2A22169900159166 /* ProgressBarView.swift */,
				9FF225952A222EB800159166 /* BoxDataView.swift */,
				917A8C542A20F34700A32868 /* SemisphereButton.swift */,
				9FF225982A2269E900159166 /* BoxSliderView.swift */,
				9F8ED0E82A2F58EB00C223ED /* CircularSliderView.swift */,
				9126FE222A30BEA600818999 /* Avatar.swift */,
				916EEDFC2A3216E000FA7298 /* SwitchModeButton.swift */,
				91C1D4162A3A0AC300712790 /* FocusViewOnBoarding.swift */,
			);
			path = Component;
			sourceTree = "<group>";
		};
/* End PBXGroup section */

/* Begin PBXNativeTarget section */
		918DD1062A17D3F500E44590 /* MacroChallengeCode */ = {
			isa = PBXNativeTarget;
			buildConfigurationList = 918DD12B2A17D3F600E44590 /* Build configuration list for PBXNativeTarget "MacroChallengeCode" */;
			buildPhases = (
				918DD1032A17D3F500E44590 /* Sources */,
				918DD1042A17D3F500E44590 /* Frameworks */,
				918DD1052A17D3F500E44590 /* Resources */,
				9AECAA802A279C6C007926B8 /* Embed Foundation Extensions */,
			);
			buildRules = (
			);
			dependencies = (
				9AECAA7E2A279C6C007926B8 /* PBXTargetDependency */,
			);
			name = MacroChallengeCode;
			packageProductDependencies = (
				9AECAA862A27A13D007926B8 /* SunKit */,
				91C447C82A28F40500319349 /* CLLocationWrapper */,
			);
			productName = MacroChallengeCode;
			productReference = 918DD1072A17D3F500E44590 /* MacroChallengeCode.app */;
			productType = "com.apple.product-type.application";
		};
		918DD1162A17D3F600E44590 /* MacroChallengeCodeTests */ = {
			isa = PBXNativeTarget;
			buildConfigurationList = 918DD12E2A17D3F600E44590 /* Build configuration list for PBXNativeTarget "MacroChallengeCodeTests" */;
			buildPhases = (
				918DD1132A17D3F600E44590 /* Sources */,
				918DD1142A17D3F600E44590 /* Frameworks */,
				918DD1152A17D3F600E44590 /* Resources */,
			);
			buildRules = (
			);
			dependencies = (
				918DD1192A17D3F600E44590 /* PBXTargetDependency */,
			);
			name = MacroChallengeCodeTests;
			productName = MacroChallengeCodeTests;
			productReference = 918DD1172A17D3F600E44590 /* MacroChallengeCodeTests.xctest */;
			productType = "com.apple.product-type.bundle.unit-test";
		};
		918DD1202A17D3F600E44590 /* MacroChallengeCodeUITests */ = {
			isa = PBXNativeTarget;
			buildConfigurationList = 918DD1312A17D3F600E44590 /* Build configuration list for PBXNativeTarget "MacroChallengeCodeUITests" */;
			buildPhases = (
				918DD11D2A17D3F600E44590 /* Sources */,
				918DD11E2A17D3F600E44590 /* Frameworks */,
				918DD11F2A17D3F600E44590 /* Resources */,
			);
			buildRules = (
			);
			dependencies = (
				918DD1232A17D3F600E44590 /* PBXTargetDependency */,
			);
			name = MacroChallengeCodeUITests;
			productName = MacroChallengeCodeUITests;
			productReference = 918DD1212A17D3F600E44590 /* MacroChallengeCodeUITests.xctest */;
			productType = "com.apple.product-type.bundle.ui-testing";
		};
		9AECAA6C2A279C6B007926B8 /* SunsetWidgetExtension */ = {
			isa = PBXNativeTarget;
			buildConfigurationList = 9AECAA832A279C6C007926B8 /* Build configuration list for PBXNativeTarget "SunsetWidgetExtension" */;
			buildPhases = (
				9AECAA692A279C6B007926B8 /* Sources */,
				9AECAA6A2A279C6B007926B8 /* Frameworks */,
				9AECAA6B2A279C6B007926B8 /* Resources */,
			);
			buildRules = (
			);
			dependencies = (
			);
			name = SunsetWidgetExtension;
			productName = SunsetWidgetExtension;
			productReference = 9AECAA6D2A279C6B007926B8 /* SunsetWidgetExtension.appex */;
			productType = "com.apple.product-type.app-extension";
		};
/* End PBXNativeTarget section */

/* Begin PBXProject section */
		918DD0FF2A17D3F500E44590 /* Project object */ = {
			isa = PBXProject;
			attributes = {
				BuildIndependentTargetsInParallel = 1;
				LastSwiftUpdateCheck = 1430;
				LastUpgradeCheck = 1430;
				TargetAttributes = {
					918DD1062A17D3F500E44590 = {
						CreatedOnToolsVersion = 14.3;
					};
					918DD1162A17D3F600E44590 = {
						CreatedOnToolsVersion = 14.3;
						TestTargetID = 918DD1062A17D3F500E44590;
					};
					918DD1202A17D3F600E44590 = {
						CreatedOnToolsVersion = 14.3;
						TestTargetID = 918DD1062A17D3F500E44590;
					};
					9AECAA6C2A279C6B007926B8 = {
						CreatedOnToolsVersion = 14.3;
					};
				};
			};
			buildConfigurationList = 918DD1022A17D3F500E44590 /* Build configuration list for PBXProject "MacroChallengeCode" */;
			compatibilityVersion = "Xcode 14.0";
			developmentRegion = en;
			hasScannedForEncodings = 0;
			knownRegions = (
				en,
				Base,
			);
			mainGroup = 918DD0FE2A17D3F500E44590;
			packageReferences = (
				9AECAA852A27A13D007926B8 /* XCRemoteSwiftPackageReference "SunKit" */,
				91C447C72A28F40500319349 /* XCRemoteSwiftPackageReference "CLLocationWrapper" */,
			);
			productRefGroup = 918DD1082A17D3F500E44590 /* Products */;
			projectDirPath = "";
			projectRoot = "";
			targets = (
				918DD1062A17D3F500E44590 /* MacroChallengeCode */,
				918DD1162A17D3F600E44590 /* MacroChallengeCodeTests */,
				918DD1202A17D3F600E44590 /* MacroChallengeCodeUITests */,
				9AECAA6C2A279C6B007926B8 /* SunsetWidgetExtension */,
			);
		};
/* End PBXProject section */

/* Begin PBXResourcesBuildPhase section */
		918DD1052A17D3F500E44590 /* Resources */ = {
			isa = PBXResourcesBuildPhase;
			buildActionMask = 2147483647;
			files = (
				918DD1122A17D3F600E44590 /* Preview Assets.xcassets in Resources */,
				918DD10F2A17D3F600E44590 /* Assets.xcassets in Resources */,
			);
			runOnlyForDeploymentPostprocessing = 0;
		};
		918DD1152A17D3F600E44590 /* Resources */ = {
			isa = PBXResourcesBuildPhase;
			buildActionMask = 2147483647;
			files = (
			);
			runOnlyForDeploymentPostprocessing = 0;
		};
		918DD11F2A17D3F600E44590 /* Resources */ = {
			isa = PBXResourcesBuildPhase;
			buildActionMask = 2147483647;
			files = (
			);
			runOnlyForDeploymentPostprocessing = 0;
		};
		9AECAA6B2A279C6B007926B8 /* Resources */ = {
			isa = PBXResourcesBuildPhase;
			buildActionMask = 2147483647;
			files = (
				9AECAA7B2A279C6C007926B8 /* Assets.xcassets in Resources */,
			);
			runOnlyForDeploymentPostprocessing = 0;
		};
/* End PBXResourcesBuildPhase section */

/* Begin PBXSourcesBuildPhase section */
		918DD1032A17D3F500E44590 /* Sources */ = {
			isa = PBXSourcesBuildPhase;
			buildActionMask = 2147483647;
			files = (
				9FF225992A2269E900159166 /* BoxSliderView.swift in Sources */,
				916EEDFF2A33559800FA7298 /* ActivityContainerView.swift in Sources */,
				9FF225942A22285400159166 /* BoxNavigationButton.swift in Sources */,
				9FF225CD2A29302200159166 /* RecapPathView.swift in Sources */,
				9FF2258E2A20EA7700159166 /* TrackBackView.swift in Sources */,
				918DD10D2A17D3F500E44590 /* ContentView.swift in Sources */,
				9126FE232A30BEA600818999 /* Avatar.swift in Sources */,
				917A8C552A20F34700A32868 /* SemisphereButton.swift in Sources */,
				9FF225A82A26AC9100159166 /* RollingView.swift in Sources */,
				9F8ED0E92A2F58EB00C223ED /* CircularSliderView.swift in Sources */,
				91C1D4172A3A0AC300712790 /* FocusViewOnBoarding.swift in Sources */,
				9FF225802A1D079800159166 /* CompassHeading.swift in Sources */,
				916EEDFD2A3216E000FA7298 /* SwitchModeButton.swift in Sources */,
				9AFCDAD42A3B3AFB00877886 /* AppDelegate.swift in Sources */,
				9A601E302A33502500795F77 /* NotificationManagerDelegate.swift in Sources */,
				9FF225922A22189600159166 /* BoxHourView.swift in Sources */,
				9FF225902A22169900159166 /* ProgressBarView.swift in Sources */,
				9FF2257C2A1CF09300159166 /* IndicatorView.swift in Sources */,
				918DD10B2A17D3F500E44590 /* MacroChallengeCodeApp.swift in Sources */,
				91BE43772A1F8771004C3F89 /* MapView.swift in Sources */,
				9158056F2A1CAE97007E579F /* Path.swift in Sources */,
				9FF225A62A26A13500159166 /* DayFase.swift in Sources */,
				9AECAA842A279CB2007926B8 /* SunsetWidgetLiveActivity.swift in Sources */,
				9A601E322A336EE400795F77 /* LiveActivityManager.swift in Sources */,
				9F8ED0EB2A2F81A500C223ED /* ShowPathView.swift in Sources */,
				9FF2258A2A20B70E00159166 /* PinAnnotationView.swift in Sources */,
				9FF225962A222EB800159166 /* BoxDataView.swift in Sources */,
				915805732A1CB785007E579F /* MapBackground.swift in Sources */,
				9FF2259B2A26372D00159166 /* HapticManager.swift in Sources */,
				9FF225CF2A293B5500159166 /* ListPathsView.swift in Sources */,
				9FF225822A1D07BD00159166 /* CompassView.swift in Sources */,
				91AB9F012A1B974A0068F553 /* LocationManagerDelegate.swift in Sources */,
				9FF2259F2A26514400159166 /* BezelView.swift in Sources */,
				913301F12A39B1B700AB1C23 /* ArrivedBackView.swift in Sources */,
				9FF225842A1E4E2600159166 /* PinsMapView.swift in Sources */,
				917A8C532A20E6F400A32868 /* StartView.swift in Sources */,
				91C447CB2A28F46A00319349 /* JsonManager.swift in Sources */,
			);
			runOnlyForDeploymentPostprocessing = 0;
		};
		918DD1132A17D3F600E44590 /* Sources */ = {
			isa = PBXSourcesBuildPhase;
			buildActionMask = 2147483647;
			files = (
				918DD11C2A17D3F600E44590 /* MacroChallengeCodeTests.swift in Sources */,
			);
			runOnlyForDeploymentPostprocessing = 0;
		};
		918DD11D2A17D3F600E44590 /* Sources */ = {
			isa = PBXSourcesBuildPhase;
			buildActionMask = 2147483647;
			files = (
				918DD1282A17D3F600E44590 /* MacroChallengeCodeUITestsLaunchTests.swift in Sources */,
				918DD1262A17D3F600E44590 /* MacroChallengeCodeUITests.swift in Sources */,
			);
			runOnlyForDeploymentPostprocessing = 0;
		};
		9AECAA692A279C6B007926B8 /* Sources */ = {
			isa = PBXSourcesBuildPhase;
			buildActionMask = 2147483647;
			files = (
				9AECAA772A279C6B007926B8 /* SunsetWidgetLiveActivity.swift in Sources */,
				9AECAA752A279C6B007926B8 /* SunsetWidgetBundle.swift in Sources */,
				9AECAA792A279C6B007926B8 /* SunsetWidget.swift in Sources */,
			);
			runOnlyForDeploymentPostprocessing = 0;
		};
/* End PBXSourcesBuildPhase section */

/* Begin PBXTargetDependency section */
		918DD1192A17D3F600E44590 /* PBXTargetDependency */ = {
			isa = PBXTargetDependency;
			target = 918DD1062A17D3F500E44590 /* MacroChallengeCode */;
			targetProxy = 918DD1182A17D3F600E44590 /* PBXContainerItemProxy */;
		};
		918DD1232A17D3F600E44590 /* PBXTargetDependency */ = {
			isa = PBXTargetDependency;
			target = 918DD1062A17D3F500E44590 /* MacroChallengeCode */;
			targetProxy = 918DD1222A17D3F600E44590 /* PBXContainerItemProxy */;
		};
		9AECAA7E2A279C6C007926B8 /* PBXTargetDependency */ = {
			isa = PBXTargetDependency;
			target = 9AECAA6C2A279C6B007926B8 /* SunsetWidgetExtension */;
			targetProxy = 9AECAA7D2A279C6C007926B8 /* PBXContainerItemProxy */;
		};
/* End PBXTargetDependency section */

/* Begin XCBuildConfiguration section */
		918DD1292A17D3F600E44590 /* Debug */ = {
			isa = XCBuildConfiguration;
			buildSettings = {
				ALWAYS_SEARCH_USER_PATHS = NO;
				CLANG_ANALYZER_NONNULL = YES;
				CLANG_ANALYZER_NUMBER_OBJECT_CONVERSION = YES_AGGRESSIVE;
				CLANG_CXX_LANGUAGE_STANDARD = "gnu++20";
				CLANG_ENABLE_MODULES = YES;
				CLANG_ENABLE_OBJC_ARC = YES;
				CLANG_ENABLE_OBJC_WEAK = YES;
				CLANG_WARN_BLOCK_CAPTURE_AUTORELEASING = YES;
				CLANG_WARN_BOOL_CONVERSION = YES;
				CLANG_WARN_COMMA = YES;
				CLANG_WARN_CONSTANT_CONVERSION = YES;
				CLANG_WARN_DEPRECATED_OBJC_IMPLEMENTATIONS = YES;
				CLANG_WARN_DIRECT_OBJC_ISA_USAGE = YES_ERROR;
				CLANG_WARN_DOCUMENTATION_COMMENTS = YES;
				CLANG_WARN_EMPTY_BODY = YES;
				CLANG_WARN_ENUM_CONVERSION = YES;
				CLANG_WARN_INFINITE_RECURSION = YES;
				CLANG_WARN_INT_CONVERSION = YES;
				CLANG_WARN_NON_LITERAL_NULL_CONVERSION = YES;
				CLANG_WARN_OBJC_IMPLICIT_RETAIN_SELF = YES;
				CLANG_WARN_OBJC_LITERAL_CONVERSION = YES;
				CLANG_WARN_OBJC_ROOT_CLASS = YES_ERROR;
				CLANG_WARN_QUOTED_INCLUDE_IN_FRAMEWORK_HEADER = YES;
				CLANG_WARN_RANGE_LOOP_ANALYSIS = YES;
				CLANG_WARN_STRICT_PROTOTYPES = YES;
				CLANG_WARN_SUSPICIOUS_MOVE = YES;
				CLANG_WARN_UNGUARDED_AVAILABILITY = YES_AGGRESSIVE;
				CLANG_WARN_UNREACHABLE_CODE = YES;
				CLANG_WARN__DUPLICATE_METHOD_MATCH = YES;
				COPY_PHASE_STRIP = NO;
				DEBUG_INFORMATION_FORMAT = dwarf;
				ENABLE_STRICT_OBJC_MSGSEND = YES;
				ENABLE_TESTABILITY = YES;
				GCC_C_LANGUAGE_STANDARD = gnu11;
				GCC_DYNAMIC_NO_PIC = NO;
				GCC_NO_COMMON_BLOCKS = YES;
				GCC_OPTIMIZATION_LEVEL = 0;
				GCC_PREPROCESSOR_DEFINITIONS = (
					"DEBUG=1",
					"$(inherited)",
				);
				GCC_WARN_64_TO_32_BIT_CONVERSION = YES;
				GCC_WARN_ABOUT_RETURN_TYPE = YES_ERROR;
				GCC_WARN_UNDECLARED_SELECTOR = YES;
				GCC_WARN_UNINITIALIZED_AUTOS = YES_AGGRESSIVE;
				GCC_WARN_UNUSED_FUNCTION = YES;
				GCC_WARN_UNUSED_VARIABLE = YES;
				IPHONEOS_DEPLOYMENT_TARGET = 16.4;
				MTL_ENABLE_DEBUG_INFO = INCLUDE_SOURCE;
				MTL_FAST_MATH = YES;
				ONLY_ACTIVE_ARCH = YES;
				SDKROOT = iphoneos;
				SWIFT_ACTIVE_COMPILATION_CONDITIONS = DEBUG;
				SWIFT_OPTIMIZATION_LEVEL = "-Onone";
			};
			name = Debug;
		};
		918DD12A2A17D3F600E44590 /* Release */ = {
			isa = XCBuildConfiguration;
			buildSettings = {
				ALWAYS_SEARCH_USER_PATHS = NO;
				CLANG_ANALYZER_NONNULL = YES;
				CLANG_ANALYZER_NUMBER_OBJECT_CONVERSION = YES_AGGRESSIVE;
				CLANG_CXX_LANGUAGE_STANDARD = "gnu++20";
				CLANG_ENABLE_MODULES = YES;
				CLANG_ENABLE_OBJC_ARC = YES;
				CLANG_ENABLE_OBJC_WEAK = YES;
				CLANG_WARN_BLOCK_CAPTURE_AUTORELEASING = YES;
				CLANG_WARN_BOOL_CONVERSION = YES;
				CLANG_WARN_COMMA = YES;
				CLANG_WARN_CONSTANT_CONVERSION = YES;
				CLANG_WARN_DEPRECATED_OBJC_IMPLEMENTATIONS = YES;
				CLANG_WARN_DIRECT_OBJC_ISA_USAGE = YES_ERROR;
				CLANG_WARN_DOCUMENTATION_COMMENTS = YES;
				CLANG_WARN_EMPTY_BODY = YES;
				CLANG_WARN_ENUM_CONVERSION = YES;
				CLANG_WARN_INFINITE_RECURSION = YES;
				CLANG_WARN_INT_CONVERSION = YES;
				CLANG_WARN_NON_LITERAL_NULL_CONVERSION = YES;
				CLANG_WARN_OBJC_IMPLICIT_RETAIN_SELF = YES;
				CLANG_WARN_OBJC_LITERAL_CONVERSION = YES;
				CLANG_WARN_OBJC_ROOT_CLASS = YES_ERROR;
				CLANG_WARN_QUOTED_INCLUDE_IN_FRAMEWORK_HEADER = YES;
				CLANG_WARN_RANGE_LOOP_ANALYSIS = YES;
				CLANG_WARN_STRICT_PROTOTYPES = YES;
				CLANG_WARN_SUSPICIOUS_MOVE = YES;
				CLANG_WARN_UNGUARDED_AVAILABILITY = YES_AGGRESSIVE;
				CLANG_WARN_UNREACHABLE_CODE = YES;
				CLANG_WARN__DUPLICATE_METHOD_MATCH = YES;
				COPY_PHASE_STRIP = NO;
				DEBUG_INFORMATION_FORMAT = "dwarf-with-dsym";
				ENABLE_NS_ASSERTIONS = NO;
				ENABLE_STRICT_OBJC_MSGSEND = YES;
				GCC_C_LANGUAGE_STANDARD = gnu11;
				GCC_NO_COMMON_BLOCKS = YES;
				GCC_WARN_64_TO_32_BIT_CONVERSION = YES;
				GCC_WARN_ABOUT_RETURN_TYPE = YES_ERROR;
				GCC_WARN_UNDECLARED_SELECTOR = YES;
				GCC_WARN_UNINITIALIZED_AUTOS = YES_AGGRESSIVE;
				GCC_WARN_UNUSED_FUNCTION = YES;
				GCC_WARN_UNUSED_VARIABLE = YES;
				IPHONEOS_DEPLOYMENT_TARGET = 16.4;
				MTL_ENABLE_DEBUG_INFO = NO;
				MTL_FAST_MATH = YES;
				SDKROOT = iphoneos;
				SWIFT_COMPILATION_MODE = wholemodule;
				SWIFT_OPTIMIZATION_LEVEL = "-O";
				VALIDATE_PRODUCT = YES;
			};
			name = Release;
		};
		918DD12C2A17D3F600E44590 /* Debug */ = {
			isa = XCBuildConfiguration;
			buildSettings = {
				ALWAYS_EMBED_SWIFT_STANDARD_LIBRARIES = YES;
				ASSETCATALOG_COMPILER_APPICON_NAME = AppIcon;
				ASSETCATALOG_COMPILER_GLOBAL_ACCENT_COLOR_NAME = AccentColor;
				CODE_SIGN_ENTITLEMENTS = MacroChallengeCode/MacroChallengeCode.entitlements;
				CODE_SIGN_STYLE = Automatic;
				CURRENT_PROJECT_VERSION = 6;
				DEVELOPMENT_ASSET_PATHS = "\"MacroChallengeCode/Preview Content\"";
				DEVELOPMENT_TEAM = T479J3S372;
				ENABLE_PREVIEWS = YES;
				GENERATE_INFOPLIST_FILE = YES;
				INFOPLIST_FILE = MacroChallengeCode/Info.plist;
				INFOPLIST_KEY_CFBundleDisplayName = Nostos;
				INFOPLIST_KEY_LSApplicationCategoryType = "public.app-category.navigation";
				INFOPLIST_KEY_NSLocationAlwaysAndWhenInUseUsageDescription = "We need the location to get track of your path";
				INFOPLIST_KEY_NSLocationWhenInUseUsageDescription = "We need the location to get track of your path";
				INFOPLIST_KEY_NSSupportsLiveActivities = YES;
				INFOPLIST_KEY_UIApplicationSceneManifest_Generation = YES;
				INFOPLIST_KEY_UIApplicationSupportsIndirectInputEvents = YES;
				INFOPLIST_KEY_UILaunchScreen_Generation = YES;
				INFOPLIST_KEY_UIStatusBarHidden = NO;
				INFOPLIST_KEY_UIStatusBarStyle = UIStatusBarStyleLightContent;
				INFOPLIST_KEY_UISupportedInterfaceOrientations = UIInterfaceOrientationPortrait;
				INFOPLIST_KEY_UISupportedInterfaceOrientations_iPad = "UIInterfaceOrientationLandscapeLeft UIInterfaceOrientationLandscapeRight UIInterfaceOrientationPortrait UIInterfaceOrientationPortraitUpsideDown";
				LD_RUNPATH_SEARCH_PATHS = (
					"$(inherited)",
					"@executable_path/Frameworks",
				);
				MARKETING_VERSION = 1.0;
				PRODUCT_BUNDLE_IDENTIFIER = com.LightWays.FT;
				PRODUCT_NAME = "$(TARGET_NAME)";
				SUPPORTED_PLATFORMS = "iphoneos iphonesimulator";
				SUPPORTS_MACCATALYST = NO;
				SUPPORTS_MAC_DESIGNED_FOR_IPHONE_IPAD = NO;
				SWIFT_EMIT_LOC_STRINGS = YES;
				SWIFT_VERSION = 5.0;
				TARGETED_DEVICE_FAMILY = 1;
			};
			name = Debug;
		};
		918DD12D2A17D3F600E44590 /* Release */ = {
			isa = XCBuildConfiguration;
			buildSettings = {
				ALWAYS_EMBED_SWIFT_STANDARD_LIBRARIES = YES;
				ASSETCATALOG_COMPILER_APPICON_NAME = AppIcon;
				ASSETCATALOG_COMPILER_GLOBAL_ACCENT_COLOR_NAME = AccentColor;
				CODE_SIGN_ENTITLEMENTS = MacroChallengeCode/MacroChallengeCode.entitlements;
				CODE_SIGN_STYLE = Automatic;
				CURRENT_PROJECT_VERSION = 6;
				DEVELOPMENT_ASSET_PATHS = "\"MacroChallengeCode/Preview Content\"";
				DEVELOPMENT_TEAM = T479J3S372;
				ENABLE_PREVIEWS = YES;
				GENERATE_INFOPLIST_FILE = YES;
				INFOPLIST_FILE = MacroChallengeCode/Info.plist;
				INFOPLIST_KEY_CFBundleDisplayName = Nostos;
				INFOPLIST_KEY_LSApplicationCategoryType = "public.app-category.navigation";
				INFOPLIST_KEY_NSLocationAlwaysAndWhenInUseUsageDescription = "We need the location to get track of your path";
				INFOPLIST_KEY_NSLocationWhenInUseUsageDescription = "We need the location to get track of your path";
				INFOPLIST_KEY_NSSupportsLiveActivities = YES;
				INFOPLIST_KEY_UIApplicationSceneManifest_Generation = YES;
				INFOPLIST_KEY_UIApplicationSupportsIndirectInputEvents = YES;
				INFOPLIST_KEY_UILaunchScreen_Generation = YES;
				INFOPLIST_KEY_UIStatusBarHidden = NO;
				INFOPLIST_KEY_UIStatusBarStyle = UIStatusBarStyleLightContent;
				INFOPLIST_KEY_UISupportedInterfaceOrientations = UIInterfaceOrientationPortrait;
				INFOPLIST_KEY_UISupportedInterfaceOrientations_iPad = "UIInterfaceOrientationLandscapeLeft UIInterfaceOrientationLandscapeRight UIInterfaceOrientationPortrait UIInterfaceOrientationPortraitUpsideDown";
				LD_RUNPATH_SEARCH_PATHS = (
					"$(inherited)",
					"@executable_path/Frameworks",
				);
				MARKETING_VERSION = 1.0;
				PRODUCT_BUNDLE_IDENTIFIER = com.LightWays.FT;
				PRODUCT_NAME = "$(TARGET_NAME)";
				SUPPORTED_PLATFORMS = "iphoneos iphonesimulator";
				SUPPORTS_MACCATALYST = NO;
				SUPPORTS_MAC_DESIGNED_FOR_IPHONE_IPAD = NO;
				SWIFT_EMIT_LOC_STRINGS = YES;
				SWIFT_VERSION = 5.0;
				TARGETED_DEVICE_FAMILY = 1;
			};
			name = Release;
		};
		918DD12F2A17D3F600E44590 /* Debug */ = {
			isa = XCBuildConfiguration;
			buildSettings = {
				ALWAYS_EMBED_SWIFT_STANDARD_LIBRARIES = YES;
				BUNDLE_LOADER = "$(TEST_HOST)";
				CODE_SIGN_STYLE = Automatic;
				CURRENT_PROJECT_VERSION = 1;
				DEVELOPMENT_TEAM = T479J3S372;
				GENERATE_INFOPLIST_FILE = YES;
				IPHONEOS_DEPLOYMENT_TARGET = 16.4;
				MARKETING_VERSION = 1.0;
				PRODUCT_BUNDLE_IDENTIFIER = com.LightWays.FTTests;
				PRODUCT_NAME = "$(TARGET_NAME)";
				SWIFT_EMIT_LOC_STRINGS = NO;
				SWIFT_VERSION = 5.0;
				TARGETED_DEVICE_FAMILY = "1,2";
				TEST_HOST = "$(BUILT_PRODUCTS_DIR)/MacroChallengeCode.app/$(BUNDLE_EXECUTABLE_FOLDER_PATH)/MacroChallengeCode";
			};
			name = Debug;
		};
		918DD1302A17D3F600E44590 /* Release */ = {
			isa = XCBuildConfiguration;
			buildSettings = {
				ALWAYS_EMBED_SWIFT_STANDARD_LIBRARIES = YES;
				BUNDLE_LOADER = "$(TEST_HOST)";
				CODE_SIGN_STYLE = Automatic;
				CURRENT_PROJECT_VERSION = 1;
				DEVELOPMENT_TEAM = T479J3S372;
				GENERATE_INFOPLIST_FILE = YES;
				IPHONEOS_DEPLOYMENT_TARGET = 16.4;
				MARKETING_VERSION = 1.0;
				PRODUCT_BUNDLE_IDENTIFIER = com.LightWays.FTTests;
				PRODUCT_NAME = "$(TARGET_NAME)";
				SWIFT_EMIT_LOC_STRINGS = NO;
				SWIFT_VERSION = 5.0;
				TARGETED_DEVICE_FAMILY = "1,2";
				TEST_HOST = "$(BUILT_PRODUCTS_DIR)/MacroChallengeCode.app/$(BUNDLE_EXECUTABLE_FOLDER_PATH)/MacroChallengeCode";
			};
			name = Release;
		};
		918DD1322A17D3F600E44590 /* Debug */ = {
			isa = XCBuildConfiguration;
			buildSettings = {
				ALWAYS_EMBED_SWIFT_STANDARD_LIBRARIES = YES;
				CODE_SIGN_STYLE = Automatic;
				CURRENT_PROJECT_VERSION = 1;
				DEVELOPMENT_TEAM = T479J3S372;
				GENERATE_INFOPLIST_FILE = YES;
				MARKETING_VERSION = 1.0;
				PRODUCT_BUNDLE_IDENTIFIER = com.LightWays.FTUITests;
				PRODUCT_NAME = "$(TARGET_NAME)";
				SWIFT_EMIT_LOC_STRINGS = NO;
				SWIFT_VERSION = 5.0;
				TARGETED_DEVICE_FAMILY = "1,2";
				TEST_TARGET_NAME = MacroChallengeCode;
			};
			name = Debug;
		};
		918DD1332A17D3F600E44590 /* Release */ = {
			isa = XCBuildConfiguration;
			buildSettings = {
				ALWAYS_EMBED_SWIFT_STANDARD_LIBRARIES = YES;
				CODE_SIGN_STYLE = Automatic;
				CURRENT_PROJECT_VERSION = 1;
				DEVELOPMENT_TEAM = T479J3S372;
				GENERATE_INFOPLIST_FILE = YES;
				MARKETING_VERSION = 1.0;
				PRODUCT_BUNDLE_IDENTIFIER = com.LightWays.FTUITests;
				PRODUCT_NAME = "$(TARGET_NAME)";
				SWIFT_EMIT_LOC_STRINGS = NO;
				SWIFT_VERSION = 5.0;
				TARGETED_DEVICE_FAMILY = "1,2";
				TEST_TARGET_NAME = MacroChallengeCode;
			};
			name = Release;
		};
		9AECAA812A279C6C007926B8 /* Debug */ = {
			isa = XCBuildConfiguration;
			buildSettings = {
				ASSETCATALOG_COMPILER_GLOBAL_ACCENT_COLOR_NAME = AccentColor;
				ASSETCATALOG_COMPILER_WIDGET_BACKGROUND_COLOR_NAME = WidgetBackground;
				CODE_SIGN_STYLE = Automatic;
				CURRENT_PROJECT_VERSION = 1;
				DEVELOPMENT_TEAM = T479J3S372;
				GENERATE_INFOPLIST_FILE = YES;
				INFOPLIST_FILE = SunsetWidget/Info.plist;
				INFOPLIST_KEY_CFBundleDisplayName = SunsetWidget;
				INFOPLIST_KEY_NSHumanReadableCopyright = "";
				LD_RUNPATH_SEARCH_PATHS = (
					"$(inherited)",
					"@executable_path/Frameworks",
					"@executable_path/../../Frameworks",
				);
				MARKETING_VERSION = 1.0;
				PRODUCT_BUNDLE_IDENTIFIER = com.LightWays.FT.SunsetWidget;
				PRODUCT_NAME = "$(TARGET_NAME)";
				SKIP_INSTALL = YES;
				SWIFT_EMIT_LOC_STRINGS = YES;
				SWIFT_VERSION = 5.0;
				TARGETED_DEVICE_FAMILY = "1,2";
			};
			name = Debug;
		};
		9AECAA822A279C6C007926B8 /* Release */ = {
			isa = XCBuildConfiguration;
			buildSettings = {
				ASSETCATALOG_COMPILER_GLOBAL_ACCENT_COLOR_NAME = AccentColor;
				ASSETCATALOG_COMPILER_WIDGET_BACKGROUND_COLOR_NAME = WidgetBackground;
				CODE_SIGN_STYLE = Automatic;
				CURRENT_PROJECT_VERSION = 1;
				DEVELOPMENT_TEAM = T479J3S372;
				GENERATE_INFOPLIST_FILE = YES;
				INFOPLIST_FILE = SunsetWidget/Info.plist;
				INFOPLIST_KEY_CFBundleDisplayName = SunsetWidget;
				INFOPLIST_KEY_NSHumanReadableCopyright = "";
				LD_RUNPATH_SEARCH_PATHS = (
					"$(inherited)",
					"@executable_path/Frameworks",
					"@executable_path/../../Frameworks",
				);
				MARKETING_VERSION = 1.0;
				PRODUCT_BUNDLE_IDENTIFIER = com.LightWays.FT.SunsetWidget;
				PRODUCT_NAME = "$(TARGET_NAME)";
				SKIP_INSTALL = YES;
				SWIFT_EMIT_LOC_STRINGS = YES;
				SWIFT_VERSION = 5.0;
				TARGETED_DEVICE_FAMILY = "1,2";
			};
			name = Release;
		};
/* End XCBuildConfiguration section */

/* Begin XCConfigurationList section */
		918DD1022A17D3F500E44590 /* Build configuration list for PBXProject "MacroChallengeCode" */ = {
			isa = XCConfigurationList;
			buildConfigurations = (
				918DD1292A17D3F600E44590 /* Debug */,
				918DD12A2A17D3F600E44590 /* Release */,
			);
			defaultConfigurationIsVisible = 0;
			defaultConfigurationName = Release;
		};
		918DD12B2A17D3F600E44590 /* Build configuration list for PBXNativeTarget "MacroChallengeCode" */ = {
			isa = XCConfigurationList;
			buildConfigurations = (
				918DD12C2A17D3F600E44590 /* Debug */,
				918DD12D2A17D3F600E44590 /* Release */,
			);
			defaultConfigurationIsVisible = 0;
			defaultConfigurationName = Release;
		};
		918DD12E2A17D3F600E44590 /* Build configuration list for PBXNativeTarget "MacroChallengeCodeTests" */ = {
			isa = XCConfigurationList;
			buildConfigurations = (
				918DD12F2A17D3F600E44590 /* Debug */,
				918DD1302A17D3F600E44590 /* Release */,
			);
			defaultConfigurationIsVisible = 0;
			defaultConfigurationName = Release;
		};
		918DD1312A17D3F600E44590 /* Build configuration list for PBXNativeTarget "MacroChallengeCodeUITests" */ = {
			isa = XCConfigurationList;
			buildConfigurations = (
				918DD1322A17D3F600E44590 /* Debug */,
				918DD1332A17D3F600E44590 /* Release */,
			);
			defaultConfigurationIsVisible = 0;
			defaultConfigurationName = Release;
		};
		9AECAA832A279C6C007926B8 /* Build configuration list for PBXNativeTarget "SunsetWidgetExtension" */ = {
			isa = XCConfigurationList;
			buildConfigurations = (
				9AECAA812A279C6C007926B8 /* Debug */,
				9AECAA822A279C6C007926B8 /* Release */,
			);
			defaultConfigurationIsVisible = 0;
			defaultConfigurationName = Release;
		};
/* End XCConfigurationList section */

/* Begin XCRemoteSwiftPackageReference section */
		91C447C72A28F40500319349 /* XCRemoteSwiftPackageReference "CLLocationWrapper" */ = {
			isa = XCRemoteSwiftPackageReference;
			repositoryURL = "https://github.com/yonivav/CLLocationWrapper.git";
			requirement = {
				kind = upToNextMajorVersion;
				minimumVersion = 1.0.0;
			};
		};
		9AECAA852A27A13D007926B8 /* XCRemoteSwiftPackageReference "SunKit" */ = {
			isa = XCRemoteSwiftPackageReference;
			repositoryURL = "https://github.com/Sunlitt/SunKit";
			requirement = {
				kind = upToNextMajorVersion;
				minimumVersion = 2.0.0;
			};
		};
/* End XCRemoteSwiftPackageReference section */

/* Begin XCSwiftPackageProductDependency section */
		91C447C82A28F40500319349 /* CLLocationWrapper */ = {
			isa = XCSwiftPackageProductDependency;
			package = 91C447C72A28F40500319349 /* XCRemoteSwiftPackageReference "CLLocationWrapper" */;
			productName = CLLocationWrapper;
		};
		9AECAA862A27A13D007926B8 /* SunKit */ = {
			isa = XCSwiftPackageProductDependency;
			package = 9AECAA852A27A13D007926B8 /* XCRemoteSwiftPackageReference "SunKit" */;
			productName = SunKit;
		};
/* End XCSwiftPackageProductDependency section */
	};
	rootObject = 918DD0FF2A17D3F500E44590 /* Project object */;
}
